
Microsoft Visual Studio Solution File, Format Version 12.00
# Visual Studio Express 2012 for Windows Desktop
Project("{FAE04EC0-301F-11D3-BF4B-00C04F79EFBC}") = "Fluentscript.Lib", "..\src\Lib\Fluentscript.Lib\Fluentscript.Lib.csproj", "{C1D7C645-2EC7-4C79-B3BC-233CF5BC3BEE}"
EndProject
Project("{FAE04EC0-301F-11D3-BF4B-00C04F79EFBC}") = "Fluentscript.Exe", "..\src\Apps\Fluentscript.Exe\Fluentscript.Exe.csproj", "{6BE56A54-EECE-42C4-9FEE-73484AAF0E39}"
EndProject
Project("{FAE04EC0-301F-11D3-BF4B-00C04F79EFBC}") = "Fluentscript.Tests", "..\src\Tests\Fluentscript.Tests\Fluentscript.Tests.csproj", "{12C28589-7241-4BF4-BD70-AAC7D575A969}"
EndProject
Project("{FAE04EC0-301F-11D3-BF4B-00C04F79EFBC}") = "Fluentscript.Tests.Scripts", "..\src\Tests\Fluentscript.Tests.Scripts\Fluentscript.Tests.Scripts.csproj", "{8685417D-F014-4BBF-ADBF-34DD571E9B60}"
EndProject
Project("{FAE04EC0-301F-11D3-BF4B-00C04F79EFBC}") = "FluentScript.CodeGen", "..\src\Tools\FluentScript.CodeGen\FluentScript.CodeGen.csproj", "{2D5C62A7-B06F-4166-8271-5A9223CB740E}"
EndProject
Global
	GlobalSection(SolutionConfigurationPlatforms) = preSolution
		Debug|Any CPU = Debug|Any CPU
		Release|Any CPU = Release|Any CPU
	EndGlobalSection
	GlobalSection(ProjectConfigurationPlatforms) = postSolution
		{C1D7C645-2EC7-4C79-B3BC-233CF5BC3BEE}.Debug|Any CPU.ActiveCfg = Debug|Any CPU
		{C1D7C645-2EC7-4C79-B3BC-233CF5BC3BEE}.Debug|Any CPU.Build.0 = Debug|Any CPU
		{C1D7C645-2EC7-4C79-B3BC-233CF5BC3BEE}.Release|Any CPU.ActiveCfg = Release|Any CPU
		{C1D7C645-2EC7-4C79-B3BC-233CF5BC3BEE}.Release|Any CPU.Build.0 = Release|Any CPU
		{6BE56A54-EECE-42C4-9FEE-73484AAF0E39}.Debug|Any CPU.ActiveCfg = Debug|Any CPU
		{6BE56A54-EECE-42C4-9FEE-73484AAF0E39}.Debug|Any CPU.Build.0 = Debug|Any CPU
		{6BE56A54-EECE-42C4-9FEE-73484AAF0E39}.Release|Any CPU.ActiveCfg = Release|Any CPU
		{6BE56A54-EECE-42C4-9FEE-73484AAF0E39}.Release|Any CPU.Build.0 = Release|Any CPU
		{12C28589-7241-4BF4-BD70-AAC7D575A969}.Debug|Any CPU.ActiveCfg = Debug|Any CPU
		{12C28589-7241-4BF4-BD70-AAC7D575A969}.Debug|Any CPU.Build.0 = Debug|Any CPU
		{12C28589-7241-4BF4-BD70-AAC7D575A969}.Release|Any CPU.ActiveCfg = Release|Any CPU
		{12C28589-7241-4BF4-BD70-AAC7D575A969}.Release|Any CPU.Build.0 = Release|Any CPU
		{8685417D-F014-4BBF-ADBF-34DD571E9B60}.Debug|Any CPU.ActiveCfg = Debug|Any CPU
		{8685417D-F014-4BBF-ADBF-34DD571E9B60}.Debug|Any CPU.Build.0 = Debug|Any CPU
		{8685417D-F014-4BBF-ADBF-34DD571E9B60}.Release|Any CPU.ActiveCfg = Release|Any CPU
		{8685417D-F014-4BBF-ADBF-34DD571E9B60}.Release|Any CPU.Build.0 = Release|Any CPU
		{2D5C62A7-B06F-4166-8271-5A9223CB740E}.Debug|Any CPU.ActiveCfg = Debug|Any CPU
		{2D5C62A7-B06F-4166-8271-5A9223CB740E}.Debug|Any CPU.Build.0 = Debug|Any CPU
		{2D5C62A7-B06F-4166-8271-5A9223CB740E}.Release|Any CPU.ActiveCfg = Release|Any CPU
		{2D5C62A7-B06F-4166-8271-5A9223CB740E}.Release|Any CPU.Build.0 = Release|Any CPU
	EndGlobalSection
	GlobalSection(SolutionProperties) = preSolution
		HideSolutionNode = FALSE
	EndGlobalSection
EndGlobal
